// !$*UTF8*$!
{
	archiveVersion = 1;
	classes = {
	};
	objectVersion = 46;
	objects = {

/* Begin PBXBuildFile section */
		3A2FB4491BCD82020028E845 /* AppTheme.swift in Sources */ = {isa = PBXBuildFile; fileRef = 3A2FB4481BCD82020028E845 /* AppTheme.swift */; };
		3A2FB44C1BCD8B270028E845 /* AudioRecorder.swift in Sources */ = {isa = PBXBuildFile; fileRef = 3A2FB44B1BCD8B270028E845 /* AudioRecorder.swift */; };
		3A4965011BC99E63005C8AD7 /* AppDelegate.swift in Sources */ = {isa = PBXBuildFile; fileRef = 3A4965001BC99E63005C8AD7 /* AppDelegate.swift */; };
		3A4965031BC99E63005C8AD7 /* MainViewController.swift in Sources */ = {isa = PBXBuildFile; fileRef = 3A4965021BC99E63005C8AD7 /* MainViewController.swift */; };
		3A4965081BC99E63005C8AD7 /* Assets.xcassets in Resources */ = {isa = PBXBuildFile; fileRef = 3A4965071BC99E63005C8AD7 /* Assets.xcassets */; };
		3A49650B1BC99E63005C8AD7 /* LaunchScreen.storyboard in Resources */ = {isa = PBXBuildFile; fileRef = 3A4965091BC99E63005C8AD7 /* LaunchScreen.storyboard */; };
		3A6774261C7CC07C00C29371 /* CoreDataExtensions.swift in Sources */ = {isa = PBXBuildFile; fileRef = 3A6774201C7CC07C00C29371 /* CoreDataExtensions.swift */; };
		3A6774271C7CC07C00C29371 /* MeteorCollectionChange.swift in Sources */ = {isa = PBXBuildFile; fileRef = 3A6774211C7CC07C00C29371 /* MeteorCollectionChange.swift */; };
		3A6774281C7CC07C00C29371 /* MeteorCoreData.swift in Sources */ = {isa = PBXBuildFile; fileRef = 3A6774221C7CC07C00C29371 /* MeteorCoreData.swift */; };
		3A6774291C7CC07C00C29371 /* MeteorCoreDataCollection.swift in Sources */ = {isa = PBXBuildFile; fileRef = 3A6774231C7CC07C00C29371 /* MeteorCoreDataCollection.swift */; };
		3A67742A1C7CC07C00C29371 /* MeteorCoreDataStack.swift in Sources */ = {isa = PBXBuildFile; fileRef = 3A6774241C7CC07C00C29371 /* MeteorCoreDataStack.swift */; };
		3A67742B1C7CC07C00C29371 /* MeteorCoreDataTableViewController.swift in Sources */ = {isa = PBXBuildFile; fileRef = 3A6774251C7CC07C00C29371 /* MeteorCoreDataTableViewController.swift */; };
		3A67742E1C7CC09900C29371 /* MeteorCoreData.xcdatamodeld in Sources */ = {isa = PBXBuildFile; fileRef = 3A67742C1C7CC09900C29371 /* MeteorCoreData.xcdatamodeld */; };
		3A6774301C7CC0E900C29371 /* MeteorAPI.swift in Sources */ = {isa = PBXBuildFile; fileRef = 3A67742F1C7CC0E900C29371 /* MeteorAPI.swift */; };
		3A916D751C7CC4E3005EE75E /* Post.swift in Sources */ = {isa = PBXBuildFile; fileRef = 3A916D731C7CC4E3005EE75E /* Post.swift */; };
		3A916D761C7CC4E3005EE75E /* Post+CoreDataProperties.swift in Sources */ = {isa = PBXBuildFile; fileRef = 3A916D741C7CC4E3005EE75E /* Post+CoreDataProperties.swift */; };
		3A95481C1BD29805009B160B /* AudioToSpeech.swift in Sources */ = {isa = PBXBuildFile; fileRef = 3A95481B1BD29805009B160B /* AudioToSpeech.swift */; };
		E79D67DF2E9A5E8A9EAE0886 /* Pods.framework in Frameworks */ = {isa = PBXBuildFile; fileRef = 3428ABF9EB886534FD3575E8 /* Pods.framework */; };
/* End PBXBuildFile section */

/* Begin PBXFileReference section */
		3428ABF9EB886534FD3575E8 /* Pods.framework */ = {isa = PBXFileReference; explicitFileType = wrapper.framework; includeInIndex = 0; path = Pods.framework; sourceTree = BUILT_PRODUCTS_DIR; };
		3A2FB4481BCD82020028E845 /* AppTheme.swift */ = {isa = PBXFileReference; fileEncoding = 4; lastKnownFileType = sourcecode.swift; path = AppTheme.swift; sourceTree = "<group>"; };
		3A2FB44B1BCD8B270028E845 /* AudioRecorder.swift */ = {isa = PBXFileReference; fileEncoding = 4; lastKnownFileType = sourcecode.swift; path = AudioRecorder.swift; sourceTree = "<group>"; };
		3A4964FD1BC99E62005C8AD7 /* DictaMed.app */ = {isa = PBXFileReference; explicitFileType = wrapper.application; includeInIndex = 0; path = DictaMed.app; sourceTree = BUILT_PRODUCTS_DIR; };
		3A4965001BC99E63005C8AD7 /* AppDelegate.swift */ = {isa = PBXFileReference; lastKnownFileType = sourcecode.swift; path = AppDelegate.swift; sourceTree = "<group>"; };
		3A4965021BC99E63005C8AD7 /* MainViewController.swift */ = {isa = PBXFileReference; lastKnownFileType = sourcecode.swift; path = MainViewController.swift; sourceTree = "<group>"; };
		3A4965071BC99E63005C8AD7 /* Assets.xcassets */ = {isa = PBXFileReference; lastKnownFileType = folder.assetcatalog; path = Assets.xcassets; sourceTree = "<group>"; };
		3A49650A1BC99E63005C8AD7 /* Base */ = {isa = PBXFileReference; lastKnownFileType = file.storyboard; name = Base; path = Base.lproj/LaunchScreen.storyboard; sourceTree = "<group>"; };
		3A49650C1BC99E63005C8AD7 /* Info.plist */ = {isa = PBXFileReference; lastKnownFileType = text.plist.xml; path = Info.plist; sourceTree = "<group>"; };
		3A6774201C7CC07C00C29371 /* CoreDataExtensions.swift */ = {isa = PBXFileReference; fileEncoding = 4; lastKnownFileType = sourcecode.swift; path = CoreDataExtensions.swift; sourceTree = "<group>"; };
		3A6774211C7CC07C00C29371 /* MeteorCollectionChange.swift */ = {isa = PBXFileReference; fileEncoding = 4; lastKnownFileType = sourcecode.swift; path = MeteorCollectionChange.swift; sourceTree = "<group>"; };
		3A6774221C7CC07C00C29371 /* MeteorCoreData.swift */ = {isa = PBXFileReference; fileEncoding = 4; lastKnownFileType = sourcecode.swift; path = MeteorCoreData.swift; sourceTree = "<group>"; };
		3A6774231C7CC07C00C29371 /* MeteorCoreDataCollection.swift */ = {isa = PBXFileReference; fileEncoding = 4; lastKnownFileType = sourcecode.swift; path = MeteorCoreDataCollection.swift; sourceTree = "<group>"; };
		3A6774241C7CC07C00C29371 /* MeteorCoreDataStack.swift */ = {isa = PBXFileReference; fileEncoding = 4; lastKnownFileType = sourcecode.swift; path = MeteorCoreDataStack.swift; sourceTree = "<group>"; };
		3A6774251C7CC07C00C29371 /* MeteorCoreDataTableViewController.swift */ = {isa = PBXFileReference; fileEncoding = 4; lastKnownFileType = sourcecode.swift; path = MeteorCoreDataTableViewController.swift; sourceTree = "<group>"; };
		3A67742D1C7CC09900C29371 /* MeteorCoreData.xcdatamodel */ = {isa = PBXFileReference; lastKnownFileType = wrapper.xcdatamodel; path = MeteorCoreData.xcdatamodel; sourceTree = "<group>"; };
		3A67742F1C7CC0E900C29371 /* MeteorAPI.swift */ = {isa = PBXFileReference; fileEncoding = 4; lastKnownFileType = sourcecode.swift; path = MeteorAPI.swift; sourceTree = "<group>"; };
		3A916D731C7CC4E3005EE75E /* Post.swift */ = {isa = PBXFileReference; fileEncoding = 4; lastKnownFileType = sourcecode.swift; path = Post.swift; sourceTree = "<group>"; };
		3A916D741C7CC4E3005EE75E /* Post+CoreDataProperties.swift */ = {isa = PBXFileReference; fileEncoding = 4; lastKnownFileType = sourcecode.swift; path = "Post+CoreDataProperties.swift"; sourceTree = "<group>"; };
		3A95481B1BD29805009B160B /* AudioToSpeech.swift */ = {isa = PBXFileReference; fileEncoding = 4; lastKnownFileType = sourcecode.swift; path = AudioToSpeech.swift; sourceTree = "<group>"; };
		7BAFA586D36CE672C25889E8 /* Pods.release.xcconfig */ = {isa = PBXFileReference; includeInIndex = 1; lastKnownFileType = text.xcconfig; name = Pods.release.xcconfig; path = "Pods/Target Support Files/Pods/Pods.release.xcconfig"; sourceTree = "<group>"; };
		AD34FAF8CDFF1B7EA089AF79 /* Pods.debug.xcconfig */ = {isa = PBXFileReference; includeInIndex = 1; lastKnownFileType = text.xcconfig; name = Pods.debug.xcconfig; path = "Pods/Target Support Files/Pods/Pods.debug.xcconfig"; sourceTree = "<group>"; };
/* End PBXFileReference section */

/* Begin PBXFrameworksBuildPhase section */
		3A4964FA1BC99E62005C8AD7 /* Frameworks */ = {
			isa = PBXFrameworksBuildPhase;
			buildActionMask = 2147483647;
			files = (
				E79D67DF2E9A5E8A9EAE0886 /* Pods.framework in Frameworks */,
			);
			runOnlyForDeploymentPostprocessing = 0;
		};
/* End PBXFrameworksBuildPhase section */

/* Begin PBXGroup section */
		3A2FB44A1BCD82080028E845 /* Helpers */ = {
			isa = PBXGroup;
			children = (
				3A2FB4481BCD82020028E845 /* AppTheme.swift */,
				3A2FB44B1BCD8B270028E845 /* AudioRecorder.swift */,
				3A95481B1BD29805009B160B /* AudioToSpeech.swift */,
			);
			name = Helpers;
			sourceTree = "<group>";
		};
		3A4964F41BC99E62005C8AD7 = {
			isa = PBXGroup;
			children = (
				3A4964FF1BC99E63005C8AD7 /* DictaMed */,
				3A4965121BC99E89005C8AD7 /* Supporting Files */,
				3A4964FE1BC99E62005C8AD7 /* Products */,
				65945CFDDAD78C62E7A209A5 /* Pods */,
				C353CC35145C044F7E17557D /* Frameworks */,
			);
			sourceTree = "<group>";
		};
		3A4964FE1BC99E62005C8AD7 /* Products */ = {
			isa = PBXGroup;
			children = (
				3A4964FD1BC99E62005C8AD7 /* DictaMed.app */,
			);
			name = Products;
			sourceTree = "<group>";
		};
		3A4964FF1BC99E63005C8AD7 /* DictaMed */ = {
			isa = PBXGroup;
			children = (
				3A6774351C7CC36500C29371 /* API */,
				3A2FB44A1BCD82080028E845 /* Helpers */,
				3A4965131BC99E94005C8AD7 /* Views */,
			);
			path = DictaMed;
			sourceTree = "<group>";
		};
		3A4965121BC99E89005C8AD7 /* Supporting Files */ = {
			isa = PBXGroup;
			children = (
				3A4965001BC99E63005C8AD7 /* AppDelegate.swift */,
				3A4965071BC99E63005C8AD7 /* Assets.xcassets */,
				3A4965091BC99E63005C8AD7 /* LaunchScreen.storyboard */,
				3A49650C1BC99E63005C8AD7 /* Info.plist */,
			);
			name = "Supporting Files";
			path = DictaMed;
			sourceTree = "<group>";
		};
		3A4965131BC99E94005C8AD7 /* Views */ = {
			isa = PBXGroup;
			children = (
				3A4965021BC99E63005C8AD7 /* MainViewController.swift */,
			);
			name = Views;
			sourceTree = "<group>";
		};
		3A6774351C7CC36500C29371 /* API */ = {
			isa = PBXGroup;
			children = (
				3A6774361C7CC36C00C29371 /* CoreData */,
				3A6774371C7CC37800C29371 /* Models */,
				3A67742F1C7CC0E900C29371 /* MeteorAPI.swift */,
			);
			name = API;
			sourceTree = "<group>";
		};
		3A6774361C7CC36C00C29371 /* CoreData */ = {
			isa = PBXGroup;
			children = (
				3A6774201C7CC07C00C29371 /* CoreDataExtensions.swift */,
				3A6774211C7CC07C00C29371 /* MeteorCollectionChange.swift */,
				3A6774221C7CC07C00C29371 /* MeteorCoreData.swift */,
				3A6774231C7CC07C00C29371 /* MeteorCoreDataCollection.swift */,
				3A6774241C7CC07C00C29371 /* MeteorCoreDataStack.swift */,
				3A6774251C7CC07C00C29371 /* MeteorCoreDataTableViewController.swift */,
			);
			name = CoreData;
			sourceTree = "<group>";
		};
		3A6774371C7CC37800C29371 /* Models */ = {
			isa = PBXGroup;
			children = (
				3A67742C1C7CC09900C29371 /* MeteorCoreData.xcdatamodeld */,
				3A916D731C7CC4E3005EE75E /* Post.swift */,
				3A916D741C7CC4E3005EE75E /* Post+CoreDataProperties.swift */,
			);
			name = Models;
			sourceTree = "<group>";
		};
		65945CFDDAD78C62E7A209A5 /* Pods */ = {
			isa = PBXGroup;
			children = (
				AD34FAF8CDFF1B7EA089AF79 /* Pods.debug.xcconfig */,
				7BAFA586D36CE672C25889E8 /* Pods.release.xcconfig */,
			);
			name = Pods;
			sourceTree = "<group>";
		};
		C353CC35145C044F7E17557D /* Frameworks */ = {
			isa = PBXGroup;
			children = (
				3428ABF9EB886534FD3575E8 /* Pods.framework */,
			);
			name = Frameworks;
			sourceTree = "<group>";
		};
/* End PBXGroup section */

/* Begin PBXNativeTarget section */
		3A4964FC1BC99E62005C8AD7 /* DictaMed */ = {
			isa = PBXNativeTarget;
			buildConfigurationList = 3A49650F1BC99E63005C8AD7 /* Build configuration list for PBXNativeTarget "DictaMed" */;
			buildPhases = (
				BE35F3D3807D1939F8BED164 /* Check Pods Manifest.lock */,
				3A4964F91BC99E62005C8AD7 /* Sources */,
				3A4964FA1BC99E62005C8AD7 /* Frameworks */,
				3A4964FB1BC99E62005C8AD7 /* Resources */,
				B29CF2403D2ABE85AF87AF53 /* Embed Pods Frameworks */,
				F77DE8007600016EDB345815 /* Copy Pods Resources */,
			);
			buildRules = (
			);
			dependencies = (
			);
			name = DictaMed;
			productName = DictaMed;
			productReference = 3A4964FD1BC99E62005C8AD7 /* DictaMed.app */;
			productType = "com.apple.product-type.application";
		};
/* End PBXNativeTarget section */

/* Begin PBXProject section */
		3A4964F51BC99E62005C8AD7 /* Project object */ = {
			isa = PBXProject;
			attributes = {
				LastUpgradeCheck = 0700;
				ORGANIZATIONNAME = "Adrian Mateoaea";
				TargetAttributes = {
					3A4964FC1BC99E62005C8AD7 = {
						CreatedOnToolsVersion = 7.0.1;
					};
				};
			};
			buildConfigurationList = 3A4964F81BC99E62005C8AD7 /* Build configuration list for PBXProject "DictaMed" */;
			compatibilityVersion = "Xcode 3.2";
			developmentRegion = English;
			hasScannedForEncodings = 0;
			knownRegions = (
				en,
				Base,
			);
			mainGroup = 3A4964F41BC99E62005C8AD7;
			productRefGroup = 3A4964FE1BC99E62005C8AD7 /* Products */;
			projectDirPath = "";
			projectRoot = "";
			targets = (
				3A4964FC1BC99E62005C8AD7 /* DictaMed */,
			);
		};
/* End PBXProject section */

/* Begin PBXResourcesBuildPhase section */
		3A4964FB1BC99E62005C8AD7 /* Resources */ = {
			isa = PBXResourcesBuildPhase;
			buildActionMask = 2147483647;
			files = (
				3A49650B1BC99E63005C8AD7 /* LaunchScreen.storyboard in Resources */,
				3A4965081BC99E63005C8AD7 /* Assets.xcassets in Resources */,
			);
			runOnlyForDeploymentPostprocessing = 0;
		};
/* End PBXResourcesBuildPhase section */

/* Begin PBXShellScriptBuildPhase section */
		B29CF2403D2ABE85AF87AF53 /* Embed Pods Frameworks */ = {
			isa = PBXShellScriptBuildPhase;
			buildActionMask = 2147483647;
			files = (
			);
			inputPaths = (
			);
			name = "Embed Pods Frameworks";
			outputPaths = (
			);
			runOnlyForDeploymentPostprocessing = 0;
			shellPath = /bin/sh;
			shellScript = "\"${SRCROOT}/Pods/Target Support Files/Pods/Pods-frameworks.sh\"\n";
			showEnvVarsInLog = 0;
		};
		BE35F3D3807D1939F8BED164 /* Check Pods Manifest.lock */ = {
			isa = PBXShellScriptBuildPhase;
			buildActionMask = 2147483647;
			files = (
			);
			inputPaths = (
			);
			name = "Check Pods Manifest.lock";
			outputPaths = (
			);
			runOnlyForDeploymentPostprocessing = 0;
			shellPath = /bin/sh;
			shellScript = "diff \"${PODS_ROOT}/../Podfile.lock\" \"${PODS_ROOT}/Manifest.lock\" > /dev/null\nif [[ $? != 0 ]] ; then\n    cat << EOM\nerror: The sandbox is not in sync with the Podfile.lock. Run 'pod install' or update your CocoaPods installation.\nEOM\n    exit 1\nfi\n";
			showEnvVarsInLog = 0;
		};
		F77DE8007600016EDB345815 /* Copy Pods Resources */ = {
			isa = PBXShellScriptBuildPhase;
			buildActionMask = 2147483647;
			files = (
			);
			inputPaths = (
			);
			name = "Copy Pods Resources";
			outputPaths = (
			);
			runOnlyForDeploymentPostprocessing = 0;
			shellPath = /bin/sh;
			shellScript = "\"${SRCROOT}/Pods/Target Support Files/Pods/Pods-resources.sh\"\n";
			showEnvVarsInLog = 0;
		};
/* End PBXShellScriptBuildPhase section */

/* Begin PBXSourcesBuildPhase section */
		3A4964F91BC99E62005C8AD7 /* Sources */ = {
			isa = PBXSourcesBuildPhase;
			buildActionMask = 2147483647;
			files = (
				3A2FB4491BCD82020028E845 /* AppTheme.swift in Sources */,
				3A67742A1C7CC07C00C29371 /* MeteorCoreDataStack.swift in Sources */,
				3A4965031BC99E63005C8AD7 /* MainViewController.swift in Sources */,
				3A6774301C7CC0E900C29371 /* MeteorAPI.swift in Sources */,
				3A6774261C7CC07C00C29371 /* CoreDataExtensions.swift in Sources */,
				3A916D751C7CC4E3005EE75E /* Post.swift in Sources */,
				3A95481C1BD29805009B160B /* AudioToSpeech.swift in Sources */,
				3A2FB44C1BCD8B270028E845 /* AudioRecorder.swift in Sources */,
				3A916D761C7CC4E3005EE75E /* Post+CoreDataProperties.swift in Sources */,
				3A4965011BC99E63005C8AD7 /* AppDelegate.swift in Sources */,
				3A67742B1C7CC07C00C29371 /* MeteorCoreDataTableViewController.swift in Sources */,
				3A6774281C7CC07C00C29371 /* MeteorCoreData.swift in Sources */,
				3A6774291C7CC07C00C29371 /* MeteorCoreDataCollection.swift in Sources */,
				3A67742E1C7CC09900C29371 /* MeteorCoreData.xcdatamodeld in Sources */,
				3A6774271C7CC07C00C29371 /* MeteorCollectionChange.swift in Sources */,
			);
			runOnlyForDeploymentPostprocessing = 0;
		};
/* End PBXSourcesBuildPhase section */

/* Begin PBXVariantGroup section */
		3A4965091BC99E63005C8AD7 /* LaunchScreen.storyboard */ = {
			isa = PBXVariantGroup;
			children = (
				3A49650A1BC99E63005C8AD7 /* Base */,
			);
			name = LaunchScreen.storyboard;
			sourceTree = "<group>";
		};
/* End PBXVariantGroup section */

/* Begin XCBuildConfiguration section */
		3A49650D1BC99E63005C8AD7 /* Debug */ = {
			isa = XCBuildConfiguration;
			buildSettings = {
				ALWAYS_SEARCH_USER_PATHS = NO;
				CLANG_CXX_LANGUAGE_STANDARD = "gnu++0x";
				CLANG_CXX_LIBRARY = "libc++";
				CLANG_ENABLE_MODULES = YES;
				CLANG_ENABLE_OBJC_ARC = YES;
				CLANG_WARN_BOOL_CONVERSION = YES;
				CLANG_WARN_CONSTANT_CONVERSION = YES;
				CLANG_WARN_DIRECT_OBJC_ISA_USAGE = YES_ERROR;
				CLANG_WARN_EMPTY_BODY = YES;
				CLANG_WARN_ENUM_CONVERSION = YES;
				CLANG_WARN_INT_CONVERSION = YES;
				CLANG_WARN_OBJC_ROOT_CLASS = YES_ERROR;
				CLANG_WARN_UNREACHABLE_CODE = YES;
				CLANG_WARN__DUPLICATE_METHOD_MATCH = YES;
				"CODE_SIGN_IDENTITY[sdk=iphoneos*]" = "iPhone Developer";
				COPY_PHASE_STRIP = NO;
				DEBUG_INFORMATION_FORMAT = dwarf;
				ENABLE_STRICT_OBJC_MSGSEND = YES;
				ENABLE_TESTABILITY = YES;
				GCC_C_LANGUAGE_STANDARD = gnu99;
				GCC_DYNAMIC_NO_PIC = NO;
				GCC_NO_COMMON_BLOCKS = YES;
				GCC_OPTIMIZATION_LEVEL = 0;
				GCC_PREPROCESSOR_DEFINITIONS = (
					"DEBUG=1",
					"$(inherited)",
				);
				GCC_WARN_64_TO_32_BIT_CONVERSION = YES;
				GCC_WARN_ABOUT_RETURN_TYPE = YES_ERROR;
				GCC_WARN_UNDECLARED_SELECTOR = YES;
				GCC_WARN_UNINITIALIZED_AUTOS = YES_AGGRESSIVE;
				GCC_WARN_UNUSED_FUNCTION = YES;
				GCC_WARN_UNUSED_VARIABLE = YES;
				IPHONEOS_DEPLOYMENT_TARGET = 9.0;
				MTL_ENABLE_DEBUG_INFO = YES;
				ONLY_ACTIVE_ARCH = YES;
				SDKROOT = iphoneos;
				SWIFT_OPTIMIZATION_LEVEL = "-Onone";
			};
			name = Debug;
		};
		3A49650E1BC99E63005C8AD7 /* Release */ = {
			isa = XCBuildConfiguration;
			buildSettings = {
				ALWAYS_SEARCH_USER_PATHS = NO;
				CLANG_CXX_LANGUAGE_STANDARD = "gnu++0x";
				CLANG_CXX_LIBRARY = "libc++";
				CLANG_ENABLE_MODULES = YES;
				CLANG_ENABLE_OBJC_ARC = YES;
				CLANG_WARN_BOOL_CONVERSION = YES;
				CLANG_WARN_CONSTANT_CONVERSION = YES;
				CLANG_WARN_DIRECT_OBJC_ISA_USAGE = YES_ERROR;
				CLANG_WARN_EMPTY_BODY = YES;
				CLANG_WARN_ENUM_CONVERSION = YES;
				CLANG_WARN_INT_CONVERSION = YES;
				CLANG_WARN_OBJC_ROOT_CLASS = YES_ERROR;
				CLANG_WARN_UNREACHABLE_CODE = YES;
				CLANG_WARN__DUPLICATE_METHOD_MATCH = YES;
				"CODE_SIGN_IDENTITY[sdk=iphoneos*]" = "iPhone Developer";
				COPY_PHASE_STRIP = NO;
				DEBUG_INFORMATION_FORMAT = "dwarf-with-dsym";
				ENABLE_NS_ASSERTIONS = NO;
				ENABLE_STRICT_OBJC_MSGSEND = YES;
				GCC_C_LANGUAGE_STANDARD = gnu99;
				GCC_NO_COMMON_BLOCKS = YES;
				GCC_WARN_64_TO_32_BIT_CONVERSION = YES;
				GCC_WARN_ABOUT_RETURN_TYPE = YES_ERROR;
				GCC_WARN_UNDECLARED_SELECTOR = YES;
				GCC_WARN_UNINITIALIZED_AUTOS = YES_AGGRESSIVE;
				GCC_WARN_UNUSED_FUNCTION = YES;
				GCC_WARN_UNUSED_VARIABLE = YES;
				IPHONEOS_DEPLOYMENT_TARGET = 9.0;
				MTL_ENABLE_DEBUG_INFO = NO;
				SDKROOT = iphoneos;
				VALIDATE_PRODUCT = YES;
			};
			name = Release;
		};
		3A4965101BC99E63005C8AD7 /* Debug */ = {
			isa = XCBuildConfiguration;
			baseConfigurationReference = AD34FAF8CDFF1B7EA089AF79 /* Pods.debug.xcconfig */;
			buildSettings = {
				ASSETCATALOG_COMPILER_APPICON_NAME = AppIcon;
				INFOPLIST_FILE = DictaMed/Info.plist;
				LD_RUNPATH_SEARCH_PATHS = "$(inherited) @executable_path/Frameworks";
				PRODUCT_BUNDLE_IDENTIFIER = ro.adrian.Dictamed;
				PRODUCT_NAME = "$(TARGET_NAME)";
			};
			name = Debug;
		};
		3A4965111BC99E63005C8AD7 /* Release */ = {
			isa = XCBuildConfiguration;
			baseConfigurationReference = 7BAFA586D36CE672C25889E8 /* Pods.release.xcconfig */;
			buildSettings = {
				ASSETCATALOG_COMPILER_APPICON_NAME = AppIcon;
				INFOPLIST_FILE = DictaMed/Info.plist;
				LD_RUNPATH_SEARCH_PATHS = "$(inherited) @executable_path/Frameworks";
				PRODUCT_BUNDLE_IDENTIFIER = ro.adrian.Dictamed;
				PRODUCT_NAME = "$(TARGET_NAME)";
			};
			name = Release;
		};
/* End XCBuildConfiguration section */

/* Begin XCConfigurationList section */
		3A4964F81BC99E62005C8AD7 /* Build configuration list for PBXProject "DictaMed" */ = {
			isa = XCConfigurationList;
			buildConfigurations = (
				3A49650D1BC99E63005C8AD7 /* Debug */,
				3A49650E1BC99E63005C8AD7 /* Release */,
			);
			defaultConfigurationIsVisible = 0;
			defaultConfigurationName = Release;
		};
		3A49650F1BC99E63005C8AD7 /* Build configuration list for PBXNativeTarget "DictaMed" */ = {
			isa = XCConfigurationList;
			buildConfigurations = (
				3A4965101BC99E63005C8AD7 /* Debug */,
				3A4965111BC99E63005C8AD7 /* Release */,
			);
			defaultConfigurationIsVisible = 0;
			defaultConfigurationName = Release;
		};
/* End XCConfigurationList section */

/* Begin XCVersionGroup section */
		3A67742C1C7CC09900C29371 /* MeteorCoreData.xcdatamodeld */ = {
			isa = XCVersionGroup;
			children = (
				3A67742D1C7CC09900C29371 /* MeteorCoreData.xcdatamodel */,
			);
			currentVersion = 3A67742D1C7CC09900C29371 /* MeteorCoreData.xcdatamodel */;
			path = MeteorCoreData.xcdatamodeld;
			sourceTree = "<group>";
			versionGroupType = wrapper.xcdatamodel;
		};
/* End XCVersionGroup section */
	};
	rootObject = 3A4964F51BC99E62005C8AD7 /* Project object */;
}
