// !$*UTF8*$!
{
	archiveVersion = 1;
	classes = {
	};
	objectVersion = 46;
	objects = {

/* Begin PBXBuildFile section */
		3A0D99C01D108BD1007140DC /* Object+Helpers.swift in Sources */ = {isa = PBXBuildFile; fileRef = 3A0D99BF1D108BD1007140DC /* Object+Helpers.swift */; };
		3A0D99C11D108BD9007140DC /* Object+Helpers.swift in Sources */ = {isa = PBXBuildFile; fileRef = 3A0D99BF1D108BD1007140DC /* Object+Helpers.swift */; };
		3A0F3A361CE0BC30000CB92B /* DocumentTableViewCell.xib in Resources */ = {isa = PBXBuildFile; fileRef = 3A0F3A351CE0BC30000CB92B /* DocumentTableViewCell.xib */; };
		3A1C9AA81CDFDDC70055A9DF /* ValidatedTableViewController.swift in Sources */ = {isa = PBXBuildFile; fileRef = 3A1C9AA71CDFDDC70055A9DF /* ValidatedTableViewController.swift */; };
		3A4D03341CFCCA8200EDA758 /* html in Resources */ = {isa = PBXBuildFile; fileRef = 3A4D03331CFCCA8200EDA758 /* html */; };
		3A53ECC01CCCD6EA00BB274E /* AppDelegate.swift in Sources */ = {isa = PBXBuildFile; fileRef = 3A53ECBF1CCCD6EA00BB274E /* AppDelegate.swift */; };
		3A53ECC51CCCD6EA00BB274E /* Main.storyboard in Resources */ = {isa = PBXBuildFile; fileRef = 3A53ECC31CCCD6EA00BB274E /* Main.storyboard */; };
		3A53ECC71CCCD6EA00BB274E /* Assets.xcassets in Resources */ = {isa = PBXBuildFile; fileRef = 3A53ECC61CCCD6EA00BB274E /* Assets.xcassets */; };
		3A53ECCA1CCCD6EA00BB274E /* LaunchScreen.storyboard in Resources */ = {isa = PBXBuildFile; fileRef = 3A53ECC81CCCD6EA00BB274E /* LaunchScreen.storyboard */; };
		3A57A3B5ABCB05C4349CDE99 /* Pods_Watch_Extension.framework in Frameworks */ = {isa = PBXBuildFile; fileRef = 8CDF14DB8474A310D392DF4C /* Pods_Watch_Extension.framework */; };
		3A6FC1E21CCE0BB5000EA167 /* AudioRecorder.swift in Sources */ = {isa = PBXBuildFile; fileRef = 3A6FC1E11CCE0BB5000EA167 /* AudioRecorder.swift */; };
		3A6FC1E51CCE16A3000EA167 /* Assets.xcassets in Resources */ = {isa = PBXBuildFile; fileRef = 3A53ECC61CCCD6EA00BB274E /* Assets.xcassets */; };
		3A7007941CD23E9900DDAAD8 /* UploadInterfaceController.swift in Sources */ = {isa = PBXBuildFile; fileRef = 3A7007931CD23E9900DDAAD8 /* UploadInterfaceController.swift */; };
		3A76E1D11CD3E6EA00E459A5 /* RecordViewController.swift in Sources */ = {isa = PBXBuildFile; fileRef = 3A76E1D01CD3E6EA00E459A5 /* RecordViewController.swift */; };
		3A76E1D21CD3EAB600E459A5 /* Assets.xcassets in Resources */ = {isa = PBXBuildFile; fileRef = 3A77BDFA1CCCE52A002C9291 /* Assets.xcassets */; };
		3A77BDF91CCCE52A002C9291 /* Interface.storyboard in Resources */ = {isa = PBXBuildFile; fileRef = 3A77BDF71CCCE52A002C9291 /* Interface.storyboard */; };
		3A77BDFB1CCCE52A002C9291 /* Assets.xcassets in Resources */ = {isa = PBXBuildFile; fileRef = 3A77BDFA1CCCE52A002C9291 /* Assets.xcassets */; };
		3A77BE021CCCE52A002C9291 /* Watch Extension.appex in Embed App Extensions */ = {isa = PBXBuildFile; fileRef = 3A77BE011CCCE52A002C9291 /* Watch Extension.appex */; settings = {ATTRIBUTES = (RemoveHeadersOnCopy, ); }; };
		3A77BE091CCCE52A002C9291 /* ExtensionDelegate.swift in Sources */ = {isa = PBXBuildFile; fileRef = 3A77BE081CCCE52A002C9291 /* ExtensionDelegate.swift */; };
		3A77BE0B1CCCE52A002C9291 /* Assets.xcassets in Resources */ = {isa = PBXBuildFile; fileRef = 3A77BE0A1CCCE52A002C9291 /* Assets.xcassets */; };
		3A77BE0F1CCCE52A002C9291 /* Watch.app in Embed Watch Content */ = {isa = PBXBuildFile; fileRef = 3A77BDF51CCCE52A002C9291 /* Watch.app */; };
		3A918FA91CFDFD7F00CAEAAF /* TranscriptAPIModel.swift in Sources */ = {isa = PBXBuildFile; fileRef = 3A918FA81CFDFD7F00CAEAAF /* TranscriptAPIModel.swift */; };
		3A918FAB1CFDFE2100CAEAAF /* GetTranscriptsAPISenderObject.swift in Sources */ = {isa = PBXBuildFile; fileRef = 3A918FAA1CFDFE2100CAEAAF /* GetTranscriptsAPISenderObject.swift */; };
		3A918FAD1CFDFFB500CAEAAF /* DeleteTranscriptsAPISenderObject.swift in Sources */ = {isa = PBXBuildFile; fileRef = 3A918FAC1CFDFFB500CAEAAF /* DeleteTranscriptsAPISenderObject.swift */; };
		3A918FB01CFE00A000CAEAAF /* String+Date.swift in Sources */ = {isa = PBXBuildFile; fileRef = 3A918FAF1CFE00A000CAEAAF /* String+Date.swift */; };
		3A918FB21CFE00AC00CAEAAF /* NSDate+Format.swift in Sources */ = {isa = PBXBuildFile; fileRef = 3A918FB11CFE00AC00CAEAAF /* NSDate+Format.swift */; };
		3A918FB41CFE00E300CAEAAF /* TranscribeAudioAPISenderObject.swift in Sources */ = {isa = PBXBuildFile; fileRef = 3A918FB31CFE00E300CAEAAF /* TranscribeAudioAPISenderObject.swift */; };
		3A918FB51CFE018100CAEAAF /* TranscriptAPIModel.swift in Sources */ = {isa = PBXBuildFile; fileRef = 3A918FA81CFDFD7F00CAEAAF /* TranscriptAPIModel.swift */; };
		3A918FB61CFE018100CAEAAF /* GetTranscriptsAPISenderObject.swift in Sources */ = {isa = PBXBuildFile; fileRef = 3A918FAA1CFDFE2100CAEAAF /* GetTranscriptsAPISenderObject.swift */; };
		3A918FB71CFE018100CAEAAF /* DeleteTranscriptsAPISenderObject.swift in Sources */ = {isa = PBXBuildFile; fileRef = 3A918FAC1CFDFFB500CAEAAF /* DeleteTranscriptsAPISenderObject.swift */; };
		3A918FB81CFE018100CAEAAF /* TranscribeAudioAPISenderObject.swift in Sources */ = {isa = PBXBuildFile; fileRef = 3A918FB31CFE00E300CAEAAF /* TranscribeAudioAPISenderObject.swift */; };
		3A918FB91CFE018100CAEAAF /* API.swift in Sources */ = {isa = PBXBuildFile; fileRef = 3AC8E55A1CFDFC0700DFFF3B /* API.swift */; };
		3A918FBA1CFE018100CAEAAF /* APICommunicationLayer.swift in Sources */ = {isa = PBXBuildFile; fileRef = 3AC8E55B1CFDFC0700DFFF3B /* APICommunicationLayer.swift */; };
		3A918FBB1CFE018100CAEAAF /* APICommunicationLayerError.swift in Sources */ = {isa = PBXBuildFile; fileRef = 3AC8E55C1CFDFC0700DFFF3B /* APICommunicationLayerError.swift */; };
		3A918FBC1CFE018100CAEAAF /* APISenderObjectProtocol.swift in Sources */ = {isa = PBXBuildFile; fileRef = 3AC8E55D1CFDFC0700DFFF3B /* APISenderObjectProtocol.swift */; };
		3A918FBD1CFE018100CAEAAF /* BaseAPISenderObject.swift in Sources */ = {isa = PBXBuildFile; fileRef = 3AC8E55E1CFDFC0700DFFF3B /* BaseAPISenderObject.swift */; };
		3A918FBE1CFE018900CAEAAF /* String+Date.swift in Sources */ = {isa = PBXBuildFile; fileRef = 3A918FAF1CFE00A000CAEAAF /* String+Date.swift */; };
		3A918FBF1CFE018900CAEAAF /* NSDate+Format.swift in Sources */ = {isa = PBXBuildFile; fileRef = 3A918FB11CFE00AC00CAEAAF /* NSDate+Format.swift */; };
		3A918FC41CFE055800CAEAAF /* PostTranscriptsAPISenderObject.swift in Sources */ = {isa = PBXBuildFile; fileRef = 3A918FC31CFE055800CAEAAF /* PostTranscriptsAPISenderObject.swift */; };
		3A918FC51CFE068C00CAEAAF /* PostTranscriptsAPISenderObject.swift in Sources */ = {isa = PBXBuildFile; fileRef = 3A918FC31CFE055800CAEAAF /* PostTranscriptsAPISenderObject.swift */; };
		3A918FC71CFE06E300CAEAAF /* PostAudioAPISenderObject.swift in Sources */ = {isa = PBXBuildFile; fileRef = 3A918FC61CFE06E300CAEAAF /* PostAudioAPISenderObject.swift */; };
		3A918FC81CFE080900CAEAAF /* PostAudioAPISenderObject.swift in Sources */ = {isa = PBXBuildFile; fileRef = 3A918FC61CFE06E300CAEAAF /* PostAudioAPISenderObject.swift */; };
		3A918FCA1CFE085200CAEAAF /* CustomTabBarController.swift in Sources */ = {isa = PBXBuildFile; fileRef = 3A918FC91CFE085200CAEAAF /* CustomTabBarController.swift */; };
		3A918FCC1CFE086300CAEAAF /* DocumentItemTableViewCell.swift in Sources */ = {isa = PBXBuildFile; fileRef = 3A918FCB1CFE086300CAEAAF /* DocumentItemTableViewCell.swift */; };
		3A99058C1D11A3550054BE15 /* RecordTableViewCell.swift in Sources */ = {isa = PBXBuildFile; fileRef = 3A99058B1D11A3550054BE15 /* RecordTableViewCell.swift */; };
		3AA20B431D11C421001F60F8 /* ComplicationController.swift in Sources */ = {isa = PBXBuildFile; fileRef = 3AA20B421D11C421001F60F8 /* ComplicationController.swift */; };
		3AC8E55F1CFDFC0700DFFF3B /* API.swift in Sources */ = {isa = PBXBuildFile; fileRef = 3AC8E55A1CFDFC0700DFFF3B /* API.swift */; };
		3AC8E5601CFDFC0700DFFF3B /* APICommunicationLayer.swift in Sources */ = {isa = PBXBuildFile; fileRef = 3AC8E55B1CFDFC0700DFFF3B /* APICommunicationLayer.swift */; };
		3AC8E5611CFDFC0700DFFF3B /* APICommunicationLayerError.swift in Sources */ = {isa = PBXBuildFile; fileRef = 3AC8E55C1CFDFC0700DFFF3B /* APICommunicationLayerError.swift */; };
		3AC8E5621CFDFC0700DFFF3B /* APISenderObjectProtocol.swift in Sources */ = {isa = PBXBuildFile; fileRef = 3AC8E55D1CFDFC0700DFFF3B /* APISenderObjectProtocol.swift */; };
		3AC8E5631CFDFC0700DFFF3B /* BaseAPISenderObject.swift in Sources */ = {isa = PBXBuildFile; fileRef = 3AC8E55E1CFDFC0700DFFF3B /* BaseAPISenderObject.swift */; };
		3AD41AC81CD3A98C00361DC3 /* DocumentsInterfaceController.swift in Sources */ = {isa = PBXBuildFile; fileRef = 3AD41AC71CD3A98C00361DC3 /* DocumentsInterfaceController.swift */; };
		3AD41ACA1CD3AC4100361DC3 /* DocumentTableViewCell.swift in Sources */ = {isa = PBXBuildFile; fileRef = 3AD41AC91CD3AC4100361DC3 /* DocumentTableViewCell.swift */; };
		3AD41ACB1CD3AEB600361DC3 /* Assets.xcassets in Resources */ = {isa = PBXBuildFile; fileRef = 3A77BDFA1CCCE52A002C9291 /* Assets.xcassets */; };
		584A2569100801EC8EB94DF6 /* Pods_Dictamed.framework in Frameworks */ = {isa = PBXBuildFile; fileRef = ED37D935010EE63B0A7ABAC2 /* Pods_Dictamed.framework */; };
/* End PBXBuildFile section */

/* Begin PBXContainerItemProxy section */
		3A77BE031CCCE52A002C9291 /* PBXContainerItemProxy */ = {
			isa = PBXContainerItemProxy;
			containerPortal = 3A53ECB41CCCD6EA00BB274E /* Project object */;
			proxyType = 1;
			remoteGlobalIDString = 3A77BE001CCCE52A002C9291;
			remoteInfo = "Watch Extension";
		};
		3A77BE0D1CCCE52A002C9291 /* PBXContainerItemProxy */ = {
			isa = PBXContainerItemProxy;
			containerPortal = 3A53ECB41CCCD6EA00BB274E /* Project object */;
			proxyType = 1;
			remoteGlobalIDString = 3A77BDF41CCCE52A002C9291;
			remoteInfo = Watch;
		};
/* End PBXContainerItemProxy section */

/* Begin PBXCopyFilesBuildPhase section */
		3A77BE151CCCE52A002C9291 /* Embed App Extensions */ = {
			isa = PBXCopyFilesBuildPhase;
			buildActionMask = 2147483647;
			dstPath = "";
			dstSubfolderSpec = 13;
			files = (
				3A77BE021CCCE52A002C9291 /* Watch Extension.appex in Embed App Extensions */,
			);
			name = "Embed App Extensions";
			runOnlyForDeploymentPostprocessing = 0;
		};
		3A77BE171CCCE52A002C9291 /* Embed Watch Content */ = {
			isa = PBXCopyFilesBuildPhase;
			buildActionMask = 2147483647;
			dstPath = "$(CONTENTS_FOLDER_PATH)/Watch";
			dstSubfolderSpec = 16;
			files = (
				3A77BE0F1CCCE52A002C9291 /* Watch.app in Embed Watch Content */,
			);
			name = "Embed Watch Content";
			runOnlyForDeploymentPostprocessing = 0;
		};
/* End PBXCopyFilesBuildPhase section */

/* Begin PBXFileReference section */
		26F4D6D0939D18485CF42C2E /* Pods-Watch Extension.debug.xcconfig */ = {isa = PBXFileReference; includeInIndex = 1; lastKnownFileType = text.xcconfig; name = "Pods-Watch Extension.debug.xcconfig"; path = "Pods/Target Support Files/Pods-Watch Extension/Pods-Watch Extension.debug.xcconfig"; sourceTree = "<group>"; };
		3A0D99BF1D108BD1007140DC /* Object+Helpers.swift */ = {isa = PBXFileReference; fileEncoding = 4; lastKnownFileType = sourcecode.swift; path = "Object+Helpers.swift"; sourceTree = "<group>"; };
		3A0F3A351CE0BC30000CB92B /* DocumentTableViewCell.xib */ = {isa = PBXFileReference; fileEncoding = 4; lastKnownFileType = file.xib; path = DocumentTableViewCell.xib; sourceTree = "<group>"; };
		3A1C9AA71CDFDDC70055A9DF /* ValidatedTableViewController.swift */ = {isa = PBXFileReference; fileEncoding = 4; lastKnownFileType = sourcecode.swift; path = ValidatedTableViewController.swift; sourceTree = "<group>"; };
		3A4D03331CFCCA8200EDA758 /* html */ = {isa = PBXFileReference; lastKnownFileType = folder; path = html; sourceTree = "<group>"; };
		3A53ECBC1CCCD6EA00BB274E /* Dictamed.app */ = {isa = PBXFileReference; explicitFileType = wrapper.application; includeInIndex = 0; path = Dictamed.app; sourceTree = BUILT_PRODUCTS_DIR; };
		3A53ECBF1CCCD6EA00BB274E /* AppDelegate.swift */ = {isa = PBXFileReference; lastKnownFileType = sourcecode.swift; path = AppDelegate.swift; sourceTree = "<group>"; };
		3A53ECC41CCCD6EA00BB274E /* Base */ = {isa = PBXFileReference; lastKnownFileType = file.storyboard; name = Base; path = Base.lproj/Main.storyboard; sourceTree = "<group>"; };
		3A53ECC61CCCD6EA00BB274E /* Assets.xcassets */ = {isa = PBXFileReference; lastKnownFileType = folder.assetcatalog; path = Assets.xcassets; sourceTree = "<group>"; };
		3A53ECC91CCCD6EA00BB274E /* Base */ = {isa = PBXFileReference; lastKnownFileType = file.storyboard; name = Base; path = Base.lproj/LaunchScreen.storyboard; sourceTree = "<group>"; };
		3A53ECCB1CCCD6EA00BB274E /* Info.plist */ = {isa = PBXFileReference; lastKnownFileType = text.plist.xml; path = Info.plist; sourceTree = "<group>"; };
		3A6FC1E11CCE0BB5000EA167 /* AudioRecorder.swift */ = {isa = PBXFileReference; fileEncoding = 4; lastKnownFileType = sourcecode.swift; path = AudioRecorder.swift; sourceTree = "<group>"; };
		3A6FC1E31CCE142C000EA167 /* Dictamed.entitlements */ = {isa = PBXFileReference; lastKnownFileType = text.xml; path = Dictamed.entitlements; sourceTree = "<group>"; };
		3A6FC1E41CCE152F000EA167 /* Watch Extension.entitlements */ = {isa = PBXFileReference; lastKnownFileType = text.xml; path = "Watch Extension.entitlements"; sourceTree = "<group>"; };
		3A7007931CD23E9900DDAAD8 /* UploadInterfaceController.swift */ = {isa = PBXFileReference; fileEncoding = 4; lastKnownFileType = sourcecode.swift; path = UploadInterfaceController.swift; sourceTree = "<group>"; };
		3A76E1D01CD3E6EA00E459A5 /* RecordViewController.swift */ = {isa = PBXFileReference; fileEncoding = 4; lastKnownFileType = sourcecode.swift; path = RecordViewController.swift; sourceTree = "<group>"; };
		3A77BDF51CCCE52A002C9291 /* Watch.app */ = {isa = PBXFileReference; explicitFileType = wrapper.application; includeInIndex = 0; path = Watch.app; sourceTree = BUILT_PRODUCTS_DIR; };
		3A77BDF81CCCE52A002C9291 /* Base */ = {isa = PBXFileReference; lastKnownFileType = file.storyboard; name = Base; path = Base.lproj/Interface.storyboard; sourceTree = "<group>"; };
		3A77BDFA1CCCE52A002C9291 /* Assets.xcassets */ = {isa = PBXFileReference; lastKnownFileType = folder.assetcatalog; path = Assets.xcassets; sourceTree = "<group>"; };
		3A77BDFC1CCCE52A002C9291 /* Info.plist */ = {isa = PBXFileReference; lastKnownFileType = text.plist.xml; path = Info.plist; sourceTree = "<group>"; };
		3A77BE011CCCE52A002C9291 /* Watch Extension.appex */ = {isa = PBXFileReference; explicitFileType = "wrapper.app-extension"; includeInIndex = 0; path = "Watch Extension.appex"; sourceTree = BUILT_PRODUCTS_DIR; };
		3A77BE081CCCE52A002C9291 /* ExtensionDelegate.swift */ = {isa = PBXFileReference; lastKnownFileType = sourcecode.swift; path = ExtensionDelegate.swift; sourceTree = "<group>"; };
		3A77BE0A1CCCE52A002C9291 /* Assets.xcassets */ = {isa = PBXFileReference; lastKnownFileType = folder.assetcatalog; path = Assets.xcassets; sourceTree = "<group>"; };
		3A77BE0C1CCCE52A002C9291 /* Info.plist */ = {isa = PBXFileReference; lastKnownFileType = text.plist.xml; path = Info.plist; sourceTree = "<group>"; };
		3A918FA81CFDFD7F00CAEAAF /* TranscriptAPIModel.swift */ = {isa = PBXFileReference; fileEncoding = 4; lastKnownFileType = sourcecode.swift; path = TranscriptAPIModel.swift; sourceTree = "<group>"; };
		3A918FAA1CFDFE2100CAEAAF /* GetTranscriptsAPISenderObject.swift */ = {isa = PBXFileReference; fileEncoding = 4; lastKnownFileType = sourcecode.swift; path = GetTranscriptsAPISenderObject.swift; sourceTree = "<group>"; };
		3A918FAC1CFDFFB500CAEAAF /* DeleteTranscriptsAPISenderObject.swift */ = {isa = PBXFileReference; fileEncoding = 4; lastKnownFileType = sourcecode.swift; path = DeleteTranscriptsAPISenderObject.swift; sourceTree = "<group>"; };
		3A918FAF1CFE00A000CAEAAF /* String+Date.swift */ = {isa = PBXFileReference; fileEncoding = 4; lastKnownFileType = sourcecode.swift; path = "String+Date.swift"; sourceTree = "<group>"; };
		3A918FB11CFE00AC00CAEAAF /* NSDate+Format.swift */ = {isa = PBXFileReference; fileEncoding = 4; lastKnownFileType = sourcecode.swift; path = "NSDate+Format.swift"; sourceTree = "<group>"; };
		3A918FB31CFE00E300CAEAAF /* TranscribeAudioAPISenderObject.swift */ = {isa = PBXFileReference; fileEncoding = 4; lastKnownFileType = sourcecode.swift; path = TranscribeAudioAPISenderObject.swift; sourceTree = "<group>"; };
		3A918FC31CFE055800CAEAAF /* PostTranscriptsAPISenderObject.swift */ = {isa = PBXFileReference; fileEncoding = 4; lastKnownFileType = sourcecode.swift; path = PostTranscriptsAPISenderObject.swift; sourceTree = "<group>"; };
		3A918FC61CFE06E300CAEAAF /* PostAudioAPISenderObject.swift */ = {isa = PBXFileReference; fileEncoding = 4; lastKnownFileType = sourcecode.swift; path = PostAudioAPISenderObject.swift; sourceTree = "<group>"; };
		3A918FC91CFE085200CAEAAF /* CustomTabBarController.swift */ = {isa = PBXFileReference; fileEncoding = 4; lastKnownFileType = sourcecode.swift; path = CustomTabBarController.swift; sourceTree = "<group>"; };
		3A918FCB1CFE086300CAEAAF /* DocumentItemTableViewCell.swift */ = {isa = PBXFileReference; fileEncoding = 4; lastKnownFileType = sourcecode.swift; path = DocumentItemTableViewCell.swift; sourceTree = "<group>"; };
		3A99058B1D11A3550054BE15 /* RecordTableViewCell.swift */ = {isa = PBXFileReference; fileEncoding = 4; lastKnownFileType = sourcecode.swift; path = RecordTableViewCell.swift; sourceTree = "<group>"; };
		3AA20B421D11C421001F60F8 /* ComplicationController.swift */ = {isa = PBXFileReference; fileEncoding = 4; lastKnownFileType = sourcecode.swift; path = ComplicationController.swift; sourceTree = "<group>"; };
		3AC8E55A1CFDFC0700DFFF3B /* API.swift */ = {isa = PBXFileReference; fileEncoding = 4; lastKnownFileType = sourcecode.swift; path = API.swift; sourceTree = "<group>"; };
		3AC8E55B1CFDFC0700DFFF3B /* APICommunicationLayer.swift */ = {isa = PBXFileReference; fileEncoding = 4; lastKnownFileType = sourcecode.swift; path = APICommunicationLayer.swift; sourceTree = "<group>"; };
		3AC8E55C1CFDFC0700DFFF3B /* APICommunicationLayerError.swift */ = {isa = PBXFileReference; fileEncoding = 4; lastKnownFileType = sourcecode.swift; path = APICommunicationLayerError.swift; sourceTree = "<group>"; };
		3AC8E55D1CFDFC0700DFFF3B /* APISenderObjectProtocol.swift */ = {isa = PBXFileReference; fileEncoding = 4; lastKnownFileType = sourcecode.swift; path = APISenderObjectProtocol.swift; sourceTree = "<group>"; };
		3AC8E55E1CFDFC0700DFFF3B /* BaseAPISenderObject.swift */ = {isa = PBXFileReference; fileEncoding = 4; lastKnownFileType = sourcecode.swift; path = BaseAPISenderObject.swift; sourceTree = "<group>"; };
		3AD41AC71CD3A98C00361DC3 /* DocumentsInterfaceController.swift */ = {isa = PBXFileReference; fileEncoding = 4; lastKnownFileType = sourcecode.swift; path = DocumentsInterfaceController.swift; sourceTree = "<group>"; };
		3AD41AC91CD3AC4100361DC3 /* DocumentTableViewCell.swift */ = {isa = PBXFileReference; fileEncoding = 4; lastKnownFileType = sourcecode.swift; path = DocumentTableViewCell.swift; sourceTree = "<group>"; };
		3ADEC80F1CDF3E6800CA4079 /* Watch.entitlements */ = {isa = PBXFileReference; lastKnownFileType = text.xml; path = Watch.entitlements; sourceTree = "<group>"; };
		6854B26AB10DC842EA5807AF /* Pods-Watch Extension.release.xcconfig */ = {isa = PBXFileReference; includeInIndex = 1; lastKnownFileType = text.xcconfig; name = "Pods-Watch Extension.release.xcconfig"; path = "Pods/Target Support Files/Pods-Watch Extension/Pods-Watch Extension.release.xcconfig"; sourceTree = "<group>"; };
		86DB1FEFBD95EB604DBC3803 /* Pods-Dictamed.debug.xcconfig */ = {isa = PBXFileReference; includeInIndex = 1; lastKnownFileType = text.xcconfig; name = "Pods-Dictamed.debug.xcconfig"; path = "Pods/Target Support Files/Pods-Dictamed/Pods-Dictamed.debug.xcconfig"; sourceTree = "<group>"; };
		8CDF14DB8474A310D392DF4C /* Pods_Watch_Extension.framework */ = {isa = PBXFileReference; explicitFileType = wrapper.framework; includeInIndex = 0; path = Pods_Watch_Extension.framework; sourceTree = BUILT_PRODUCTS_DIR; };
		CEAAD0DD48DDD14AE2FC4014 /* Pods.framework */ = {isa = PBXFileReference; explicitFileType = wrapper.framework; includeInIndex = 0; path = Pods.framework; sourceTree = BUILT_PRODUCTS_DIR; };
		EC40C04C394227EAE25C7A4D /* Pods-Dictamed.release.xcconfig */ = {isa = PBXFileReference; includeInIndex = 1; lastKnownFileType = text.xcconfig; name = "Pods-Dictamed.release.xcconfig"; path = "Pods/Target Support Files/Pods-Dictamed/Pods-Dictamed.release.xcconfig"; sourceTree = "<group>"; };
		ED37D935010EE63B0A7ABAC2 /* Pods_Dictamed.framework */ = {isa = PBXFileReference; explicitFileType = wrapper.framework; includeInIndex = 0; path = Pods_Dictamed.framework; sourceTree = BUILT_PRODUCTS_DIR; };
/* End PBXFileReference section */

/* Begin PBXFrameworksBuildPhase section */
		3A53ECB91CCCD6EA00BB274E /* Frameworks */ = {
			isa = PBXFrameworksBuildPhase;
			buildActionMask = 2147483647;
			files = (
				584A2569100801EC8EB94DF6 /* Pods_Dictamed.framework in Frameworks */,
			);
			runOnlyForDeploymentPostprocessing = 0;
		};
		3A77BDFE1CCCE52A002C9291 /* Frameworks */ = {
			isa = PBXFrameworksBuildPhase;
			buildActionMask = 2147483647;
			files = (
				3A57A3B5ABCB05C4349CDE99 /* Pods_Watch_Extension.framework in Frameworks */,
			);
			runOnlyForDeploymentPostprocessing = 0;
		};
		5696E94E0255B02D042259B8 /* Frameworks */ = {
			isa = PBXFrameworksBuildPhase;
			buildActionMask = 2147483647;
			files = (
			);
			runOnlyForDeploymentPostprocessing = 0;
		};
/* End PBXFrameworksBuildPhase section */

/* Begin PBXGroup section */
		33E3BD1AE0AD107745117A3D /* Frameworks */ = {
			isa = PBXGroup;
			children = (
				CEAAD0DD48DDD14AE2FC4014 /* Pods.framework */,
				ED37D935010EE63B0A7ABAC2 /* Pods_Dictamed.framework */,
				8CDF14DB8474A310D392DF4C /* Pods_Watch_Extension.framework */,
			);
			name = Frameworks;
			sourceTree = "<group>";
		};
		3A441E051CCF6596008250A8 /* Supporting Files */ = {
			isa = PBXGroup;
			children = (
				3A4D03331CFCCA8200EDA758 /* html */,
				3A53ECC61CCCD6EA00BB274E /* Assets.xcassets */,
				3A6FC1E31CCE142C000EA167 /* Dictamed.entitlements */,
				3A53ECBF1CCCD6EA00BB274E /* AppDelegate.swift */,
				3A53ECCB1CCCD6EA00BB274E /* Info.plist */,
			);
			name = "Supporting Files";
			sourceTree = "<group>";
		};
		3A441E061CCF65A2008250A8 /* Views */ = {
			isa = PBXGroup;
			children = (
				3A0F3A351CE0BC30000CB92B /* DocumentTableViewCell.xib */,
				3A53ECC81CCCD6EA00BB274E /* LaunchScreen.storyboard */,
				3A53ECC31CCCD6EA00BB274E /* Main.storyboard */,
			);
			name = Views;
			sourceTree = "<group>";
		};
		3A441E071CCF65AA008250A8 /* Controllers */ = {
			isa = PBXGroup;
			children = (
				3A918FC91CFE085200CAEAAF /* CustomTabBarController.swift */,
				3A918FCB1CFE086300CAEAAF /* DocumentItemTableViewCell.swift */,
				3A76E1D01CD3E6EA00E459A5 /* RecordViewController.swift */,
				3A1C9AA71CDFDDC70055A9DF /* ValidatedTableViewController.swift */,
			);
			name = Controllers;
			sourceTree = "<group>";
		};
		3A53ECB31CCCD6EA00BB274E = {
			isa = PBXGroup;
			children = (
				3A53ECBE1CCCD6EA00BB274E /* Dictamed */,
				3A77BDF61CCCE52A002C9291 /* Watch */,
				3A77BE051CCCE52A002C9291 /* Watch Extension */,
				3A53ECBD1CCCD6EA00BB274E /* Products */,
				33E3BD1AE0AD107745117A3D /* Frameworks */,
				F6892305203449DA04A46F3D /* Pods */,
			);
			sourceTree = "<group>";
		};
		3A53ECBD1CCCD6EA00BB274E /* Products */ = {
			isa = PBXGroup;
			children = (
				3A53ECBC1CCCD6EA00BB274E /* Dictamed.app */,
				3A77BDF51CCCE52A002C9291 /* Watch.app */,
				3A77BE011CCCE52A002C9291 /* Watch Extension.appex */,
			);
			name = Products;
			sourceTree = "<group>";
		};
		3A53ECBE1CCCD6EA00BB274E /* Dictamed */ = {
			isa = PBXGroup;
			children = (
				3A441E061CCF65A2008250A8 /* Views */,
				3A441E071CCF65AA008250A8 /* Controllers */,
				3A918FAE1CFE009500CAEAAF /* Helpers */,
				3AC8E5561CFDFBDB00DFFF3B /* API */,
				3A441E051CCF6596008250A8 /* Supporting Files */,
			);
			path = Dictamed;
			sourceTree = "<group>";
		};
		3A77BDF61CCCE52A002C9291 /* Watch */ = {
			isa = PBXGroup;
			children = (
				3A77BDF71CCCE52A002C9291 /* Interface.storyboard */,
				3A77BDFA1CCCE52A002C9291 /* Assets.xcassets */,
				3A77BDFC1CCCE52A002C9291 /* Info.plist */,
				3ADEC80F1CDF3E6800CA4079 /* Watch.entitlements */,
			);
			path = Watch;
			sourceTree = "<group>";
		};
		3A77BE051CCCE52A002C9291 /* Watch Extension */ = {
			isa = PBXGroup;
			children = (
				3A918FCD1CFE08B300CAEAAF /* Controllers */,
				3A77BE0A1CCCE52A002C9291 /* Assets.xcassets */,
				3A77BE081CCCE52A002C9291 /* ExtensionDelegate.swift */,
				3A77BE0C1CCCE52A002C9291 /* Info.plist */,
				3A6FC1E41CCE152F000EA167 /* Watch Extension.entitlements */,
			);
			path = "Watch Extension";
			sourceTree = "<group>";
		};
		3A918FAE1CFE009500CAEAAF /* Helpers */ = {
			isa = PBXGroup;
			children = (
				3A918FB11CFE00AC00CAEAAF /* NSDate+Format.swift */,
				3A0D99BF1D108BD1007140DC /* Object+Helpers.swift */,
				3A918FAF1CFE00A000CAEAAF /* String+Date.swift */,
			);
			name = Helpers;
			sourceTree = "<group>";
		};
		3A918FCD1CFE08B300CAEAAF /* Controllers */ = {
			isa = PBXGroup;
			children = (
				3AA20B421D11C421001F60F8 /* ComplicationController.swift */,
				3AD41AC71CD3A98C00361DC3 /* DocumentsInterfaceController.swift */,
				3AD41AC91CD3AC4100361DC3 /* DocumentTableViewCell.swift */,
				3A99058B1D11A3550054BE15 /* RecordTableViewCell.swift */,
				3A7007931CD23E9900DDAAD8 /* UploadInterfaceController.swift */,
			);
			name = Controllers;
			sourceTree = "<group>";
		};
		3AC8E5561CFDFBDB00DFFF3B /* API */ = {
			isa = PBXGroup;
			children = (
				3AC8E5591CFDFBFB00DFFF3B /* Models */,
				3AC8E5581CFDFBF300DFFF3B /* Routes */,
				3AC8E5571CFDFBE600DFFF3B /* Internal */,
				3A6FC1E11CCE0BB5000EA167 /* AudioRecorder.swift */,
			);
			name = API;
			sourceTree = "<group>";
		};
		3AC8E5571CFDFBE600DFFF3B /* Internal */ = {
			isa = PBXGroup;
			children = (
				3AC8E55A1CFDFC0700DFFF3B /* API.swift */,
				3AC8E55B1CFDFC0700DFFF3B /* APICommunicationLayer.swift */,
				3AC8E55C1CFDFC0700DFFF3B /* APICommunicationLayerError.swift */,
				3AC8E55D1CFDFC0700DFFF3B /* APISenderObjectProtocol.swift */,
				3AC8E55E1CFDFC0700DFFF3B /* BaseAPISenderObject.swift */,
			);
			name = Internal;
			sourceTree = "<group>";
		};
		3AC8E5581CFDFBF300DFFF3B /* Routes */ = {
			isa = PBXGroup;
			children = (
				3A918FAC1CFDFFB500CAEAAF /* DeleteTranscriptsAPISenderObject.swift */,
				3A918FAA1CFDFE2100CAEAAF /* GetTranscriptsAPISenderObject.swift */,
				3A918FC61CFE06E300CAEAAF /* PostAudioAPISenderObject.swift */,
				3A918FC31CFE055800CAEAAF /* PostTranscriptsAPISenderObject.swift */,
				3A918FB31CFE00E300CAEAAF /* TranscribeAudioAPISenderObject.swift */,
			);
			name = Routes;
			sourceTree = "<group>";
		};
		3AC8E5591CFDFBFB00DFFF3B /* Models */ = {
			isa = PBXGroup;
			children = (
				3A918FA81CFDFD7F00CAEAAF /* TranscriptAPIModel.swift */,
			);
			name = Models;
			sourceTree = "<group>";
		};
		F6892305203449DA04A46F3D /* Pods */ = {
			isa = PBXGroup;
			children = (
				86DB1FEFBD95EB604DBC3803 /* Pods-Dictamed.debug.xcconfig */,
				EC40C04C394227EAE25C7A4D /* Pods-Dictamed.release.xcconfig */,
				26F4D6D0939D18485CF42C2E /* Pods-Watch Extension.debug.xcconfig */,
				6854B26AB10DC842EA5807AF /* Pods-Watch Extension.release.xcconfig */,
			);
			name = Pods;
			sourceTree = "<group>";
		};
/* End PBXGroup section */

/* Begin PBXNativeTarget section */
		3A53ECBB1CCCD6EA00BB274E /* Dictamed */ = {
			isa = PBXNativeTarget;
			buildConfigurationList = 3A53ECCE1CCCD6EA00BB274E /* Build configuration list for PBXNativeTarget "Dictamed" */;
			buildPhases = (
				C780500485AED62863EC830D /* [CP] Check Pods Manifest.lock */,
				3A53ECB81CCCD6EA00BB274E /* Sources */,
				3A53ECB91CCCD6EA00BB274E /* Frameworks */,
				3A53ECBA1CCCD6EA00BB274E /* Resources */,
				3A77BE171CCCE52A002C9291 /* Embed Watch Content */,
				42674D7BC3268553140F03DC /* [CP] Embed Pods Frameworks */,
				AE43CE61648FD314E1FCCDDE /* [CP] Copy Pods Resources */,
			);
			buildRules = (
			);
			dependencies = (
				3A77BE0E1CCCE52A002C9291 /* PBXTargetDependency */,
			);
			name = Dictamed;
			productName = Dictamed;
			productReference = 3A53ECBC1CCCD6EA00BB274E /* Dictamed.app */;
			productType = "com.apple.product-type.application";
		};
		3A77BDF41CCCE52A002C9291 /* Watch */ = {
			isa = PBXNativeTarget;
			buildConfigurationList = 3A77BE161CCCE52A002C9291 /* Build configuration list for PBXNativeTarget "Watch" */;
			buildPhases = (
				3A77BDF31CCCE52A002C9291 /* Resources */,
				3A77BE151CCCE52A002C9291 /* Embed App Extensions */,
				5696E94E0255B02D042259B8 /* Frameworks */,
			);
			buildRules = (
			);
			dependencies = (
				3A77BE041CCCE52A002C9291 /* PBXTargetDependency */,
			);
			name = Watch;
			productName = Watch;
			productReference = 3A77BDF51CCCE52A002C9291 /* Watch.app */;
			productType = "com.apple.product-type.application.watchapp2";
		};
		3A77BE001CCCE52A002C9291 /* Watch Extension */ = {
			isa = PBXNativeTarget;
			buildConfigurationList = 3A77BE141CCCE52A002C9291 /* Build configuration list for PBXNativeTarget "Watch Extension" */;
			buildPhases = (
				473029AC7605206F7E8380E1 /* [CP] Check Pods Manifest.lock */,
				3A77BDFD1CCCE52A002C9291 /* Sources */,
				3A77BDFE1CCCE52A002C9291 /* Frameworks */,
				3A77BDFF1CCCE52A002C9291 /* Resources */,
				908C86DED03C2086502400B5 /* [CP] Embed Pods Frameworks */,
				B46E5AB75368AC4B9C11BCDB /* [CP] Copy Pods Resources */,
			);
			buildRules = (
			);
			dependencies = (
			);
			name = "Watch Extension";
			productName = "Watch Extension";
			productReference = 3A77BE011CCCE52A002C9291 /* Watch Extension.appex */;
			productType = "com.apple.product-type.watchkit2-extension";
		};
/* End PBXNativeTarget section */

/* Begin PBXProject section */
		3A53ECB41CCCD6EA00BB274E /* Project object */ = {
			isa = PBXProject;
			attributes = {
				LastSwiftUpdateCheck = 0730;
				LastUpgradeCheck = 0730;
				ORGANIZATIONNAME = "Adrian Mateoaea";
				TargetAttributes = {
					3A53ECBB1CCCD6EA00BB274E = {
						CreatedOnToolsVersion = 7.3;
						DevelopmentTeam = HGQ4BRJQEM;
						SystemCapabilities = {
							com.apple.ApplicationGroups.iOS = {
								enabled = 1;
							};
						};
					};
					3A77BDF41CCCE52A002C9291 = {
						CreatedOnToolsVersion = 7.3;
						DevelopmentTeam = HGQ4BRJQEM;
						SystemCapabilities = {
							com.apple.ApplicationGroups.iOS = {
								enabled = 1;
							};
						};
					};
					3A77BE001CCCE52A002C9291 = {
						CreatedOnToolsVersion = 7.3;
						DevelopmentTeam = HGQ4BRJQEM;
						SystemCapabilities = {
							com.apple.ApplicationGroups.iOS = {
								enabled = 1;
							};
						};
					};
				};
			};
			buildConfigurationList = 3A53ECB71CCCD6EA00BB274E /* Build configuration list for PBXProject "Dictamed" */;
			compatibilityVersion = "Xcode 3.2";
			developmentRegion = English;
			hasScannedForEncodings = 0;
			knownRegions = (
				en,
				Base,
			);
			mainGroup = 3A53ECB31CCCD6EA00BB274E;
			productRefGroup = 3A53ECBD1CCCD6EA00BB274E /* Products */;
			projectDirPath = "";
			projectRoot = "";
			targets = (
				3A53ECBB1CCCD6EA00BB274E /* Dictamed */,
				3A77BDF41CCCE52A002C9291 /* Watch */,
				3A77BE001CCCE52A002C9291 /* Watch Extension */,
			);
		};
/* End PBXProject section */

/* Begin PBXResourcesBuildPhase section */
		3A53ECBA1CCCD6EA00BB274E /* Resources */ = {
			isa = PBXResourcesBuildPhase;
			buildActionMask = 2147483647;
			files = (
				3A0F3A361CE0BC30000CB92B /* DocumentTableViewCell.xib in Resources */,
				3A4D03341CFCCA8200EDA758 /* html in Resources */,
				3A53ECCA1CCCD6EA00BB274E /* LaunchScreen.storyboard in Resources */,
				3A53ECC71CCCD6EA00BB274E /* Assets.xcassets in Resources */,
				3A76E1D21CD3EAB600E459A5 /* Assets.xcassets in Resources */,
				3A53ECC51CCCD6EA00BB274E /* Main.storyboard in Resources */,
			);
			runOnlyForDeploymentPostprocessing = 0;
		};
		3A77BDF31CCCE52A002C9291 /* Resources */ = {
			isa = PBXResourcesBuildPhase;
			buildActionMask = 2147483647;
			files = (
				3A77BDFB1CCCE52A002C9291 /* Assets.xcassets in Resources */,
				3A6FC1E51CCE16A3000EA167 /* Assets.xcassets in Resources */,
				3A77BDF91CCCE52A002C9291 /* Interface.storyboard in Resources */,
			);
			runOnlyForDeploymentPostprocessing = 0;
		};
		3A77BDFF1CCCE52A002C9291 /* Resources */ = {
			isa = PBXResourcesBuildPhase;
			buildActionMask = 2147483647;
			files = (
				3AD41ACB1CD3AEB600361DC3 /* Assets.xcassets in Resources */,
				3A77BE0B1CCCE52A002C9291 /* Assets.xcassets in Resources */,
			);
			runOnlyForDeploymentPostprocessing = 0;
		};
/* End PBXResourcesBuildPhase section */

/* Begin PBXShellScriptBuildPhase section */
		42674D7BC3268553140F03DC /* [CP] Embed Pods Frameworks */ = {
			isa = PBXShellScriptBuildPhase;
			buildActionMask = 2147483647;
			files = (
			);
			inputPaths = (
			);
			name = "[CP] Embed Pods Frameworks";
			outputPaths = (
			);
			runOnlyForDeploymentPostprocessing = 0;
			shellPath = /bin/sh;
			shellScript = "\"${SRCROOT}/Pods/Target Support Files/Pods-Dictamed/Pods-Dictamed-frameworks.sh\"\n";
			showEnvVarsInLog = 0;
		};
		473029AC7605206F7E8380E1 /* [CP] Check Pods Manifest.lock */ = {
			isa = PBXShellScriptBuildPhase;
			buildActionMask = 2147483647;
			files = (
			);
			inputPaths = (
			);
			name = "[CP] Check Pods Manifest.lock";
			outputPaths = (
			);
			runOnlyForDeploymentPostprocessing = 0;
			shellPath = /bin/sh;
			shellScript = "diff \"${PODS_ROOT}/../Podfile.lock\" \"${PODS_ROOT}/Manifest.lock\" > /dev/null\nif [[ $? != 0 ]] ; then\n    cat << EOM\nerror: The sandbox is not in sync with the Podfile.lock. Run 'pod install' or update your CocoaPods installation.\nEOM\n    exit 1\nfi\n";
			showEnvVarsInLog = 0;
		};
		908C86DED03C2086502400B5 /* [CP] Embed Pods Frameworks */ = {
			isa = PBXShellScriptBuildPhase;
			buildActionMask = 2147483647;
			files = (
			);
			inputPaths = (
			);
			name = "[CP] Embed Pods Frameworks";
			outputPaths = (
			);
			runOnlyForDeploymentPostprocessing = 0;
			shellPath = /bin/sh;
			shellScript = "\"${SRCROOT}/Pods/Target Support Files/Pods-Watch Extension/Pods-Watch Extension-frameworks.sh\"\n";
			showEnvVarsInLog = 0;
		};
		AE43CE61648FD314E1FCCDDE /* [CP] Copy Pods Resources */ = {
			isa = PBXShellScriptBuildPhase;
			buildActionMask = 2147483647;
			files = (
			);
			inputPaths = (
			);
			name = "[CP] Copy Pods Resources";
			outputPaths = (
			);
			runOnlyForDeploymentPostprocessing = 0;
			shellPath = /bin/sh;
			shellScript = "\"${SRCROOT}/Pods/Target Support Files/Pods-Dictamed/Pods-Dictamed-resources.sh\"\n";
			showEnvVarsInLog = 0;
		};
		B46E5AB75368AC4B9C11BCDB /* [CP] Copy Pods Resources */ = {
			isa = PBXShellScriptBuildPhase;
			buildActionMask = 2147483647;
			files = (
			);
			inputPaths = (
			);
			name = "[CP] Copy Pods Resources";
			outputPaths = (
			);
			runOnlyForDeploymentPostprocessing = 0;
			shellPath = /bin/sh;
			shellScript = "\"${SRCROOT}/Pods/Target Support Files/Pods-Watch Extension/Pods-Watch Extension-resources.sh\"\n";
			showEnvVarsInLog = 0;
		};
		C780500485AED62863EC830D /* [CP] Check Pods Manifest.lock */ = {
			isa = PBXShellScriptBuildPhase;
			buildActionMask = 2147483647;
			files = (
			);
			inputPaths = (
			);
			name = "[CP] Check Pods Manifest.lock";
			outputPaths = (
			);
			runOnlyForDeploymentPostprocessing = 0;
			shellPath = /bin/sh;
			shellScript = "diff \"${PODS_ROOT}/../Podfile.lock\" \"${PODS_ROOT}/Manifest.lock\" > /dev/null\nif [[ $? != 0 ]] ; then\n    cat << EOM\nerror: The sandbox is not in sync with the Podfile.lock. Run 'pod install' or update your CocoaPods installation.\nEOM\n    exit 1\nfi\n";
			showEnvVarsInLog = 0;
		};
/* End PBXShellScriptBuildPhase section */

/* Begin PBXSourcesBuildPhase section */
		3A53ECB81CCCD6EA00BB274E /* Sources */ = {
			isa = PBXSourcesBuildPhase;
			buildActionMask = 2147483647;
			files = (
				3A918FB41CFE00E300CAEAAF /* TranscribeAudioAPISenderObject.swift in Sources */,
				3A918FB01CFE00A000CAEAAF /* String+Date.swift in Sources */,
				3A918FAB1CFDFE2100CAEAAF /* GetTranscriptsAPISenderObject.swift in Sources */,
				3A918FA91CFDFD7F00CAEAAF /* TranscriptAPIModel.swift in Sources */,
				3A918FAD1CFDFFB500CAEAAF /* DeleteTranscriptsAPISenderObject.swift in Sources */,
				3A918FC41CFE055800CAEAAF /* PostTranscriptsAPISenderObject.swift in Sources */,
				3AC8E5621CFDFC0700DFFF3B /* APISenderObjectProtocol.swift in Sources */,
				3A1C9AA81CDFDDC70055A9DF /* ValidatedTableViewController.swift in Sources */,
				3A0D99C01D108BD1007140DC /* Object+Helpers.swift in Sources */,
				3A918FCA1CFE085200CAEAAF /* CustomTabBarController.swift in Sources */,
				3AC8E5601CFDFC0700DFFF3B /* APICommunicationLayer.swift in Sources */,
				3A76E1D11CD3E6EA00E459A5 /* RecordViewController.swift in Sources */,
				3A53ECC01CCCD6EA00BB274E /* AppDelegate.swift in Sources */,
				3A918FCC1CFE086300CAEAAF /* DocumentItemTableViewCell.swift in Sources */,
				3A6FC1E21CCE0BB5000EA167 /* AudioRecorder.swift in Sources */,
				3A918FB21CFE00AC00CAEAAF /* NSDate+Format.swift in Sources */,
				3AC8E55F1CFDFC0700DFFF3B /* API.swift in Sources */,
				3A918FC71CFE06E300CAEAAF /* PostAudioAPISenderObject.swift in Sources */,
				3AC8E5631CFDFC0700DFFF3B /* BaseAPISenderObject.swift in Sources */,
				3AC8E5611CFDFC0700DFFF3B /* APICommunicationLayerError.swift in Sources */,
			);
			runOnlyForDeploymentPostprocessing = 0;
		};
		3A77BDFD1CCCE52A002C9291 /* Sources */ = {
			isa = PBXSourcesBuildPhase;
			buildActionMask = 2147483647;
			files = (
				3A918FB91CFE018100CAEAAF /* API.swift in Sources */,
				3A918FBB1CFE018100CAEAAF /* APICommunicationLayerError.swift in Sources */,
				3A918FBF1CFE018900CAEAAF /* NSDate+Format.swift in Sources */,
				3AD41AC81CD3A98C00361DC3 /* DocumentsInterfaceController.swift in Sources */,
				3A918FB51CFE018100CAEAAF /* TranscriptAPIModel.swift in Sources */,
				3A77BE091CCCE52A002C9291 /* ExtensionDelegate.swift in Sources */,
				3A99058C1D11A3550054BE15 /* RecordTableViewCell.swift in Sources */,
				3A918FC51CFE068C00CAEAAF /* PostTranscriptsAPISenderObject.swift in Sources */,
				3A7007941CD23E9900DDAAD8 /* UploadInterfaceController.swift in Sources */,
				3A918FBD1CFE018100CAEAAF /* BaseAPISenderObject.swift in Sources */,
				3A918FB71CFE018100CAEAAF /* DeleteTranscriptsAPISenderObject.swift in Sources */,
				3A918FBA1CFE018100CAEAAF /* APICommunicationLayer.swift in Sources */,
				3A918FB81CFE018100CAEAAF /* TranscribeAudioAPISenderObject.swift in Sources */,
				3A918FBC1CFE018100CAEAAF /* APISenderObjectProtocol.swift in Sources */,
				3A918FBE1CFE018900CAEAAF /* String+Date.swift in Sources */,
				3A918FB61CFE018100CAEAAF /* GetTranscriptsAPISenderObject.swift in Sources */,
				3A0D99C11D108BD9007140DC /* Object+Helpers.swift in Sources */,
				3AA20B431D11C421001F60F8 /* ComplicationController.swift in Sources */,
				3AD41ACA1CD3AC4100361DC3 /* DocumentTableViewCell.swift in Sources */,
				3A918FC81CFE080900CAEAAF /* PostAudioAPISenderObject.swift in Sources */,
			);
			runOnlyForDeploymentPostprocessing = 0;
		};
/* End PBXSourcesBuildPhase section */

/* Begin PBXTargetDependency section */
		3A77BE041CCCE52A002C9291 /* PBXTargetDependency */ = {
			isa = PBXTargetDependency;
			target = 3A77BE001CCCE52A002C9291 /* Watch Extension */;
			targetProxy = 3A77BE031CCCE52A002C9291 /* PBXContainerItemProxy */;
		};
		3A77BE0E1CCCE52A002C9291 /* PBXTargetDependency */ = {
			isa = PBXTargetDependency;
			target = 3A77BDF41CCCE52A002C9291 /* Watch */;
			targetProxy = 3A77BE0D1CCCE52A002C9291 /* PBXContainerItemProxy */;
		};
/* End PBXTargetDependency section */

/* Begin PBXVariantGroup section */
		3A53ECC31CCCD6EA00BB274E /* Main.storyboard */ = {
			isa = PBXVariantGroup;
			children = (
				3A53ECC41CCCD6EA00BB274E /* Base */,
			);
			name = Main.storyboard;
			sourceTree = "<group>";
		};
		3A53ECC81CCCD6EA00BB274E /* LaunchScreen.storyboard */ = {
			isa = PBXVariantGroup;
			children = (
				3A53ECC91CCCD6EA00BB274E /* Base */,
			);
			name = LaunchScreen.storyboard;
			sourceTree = "<group>";
		};
		3A77BDF71CCCE52A002C9291 /* Interface.storyboard */ = {
			isa = PBXVariantGroup;
			children = (
				3A77BDF81CCCE52A002C9291 /* Base */,
			);
			name = Interface.storyboard;
			sourceTree = "<group>";
		};
/* End PBXVariantGroup section */

/* Begin XCBuildConfiguration section */
		3A53ECCC1CCCD6EA00BB274E /* Debug */ = {
			isa = XCBuildConfiguration;
			buildSettings = {
				ALWAYS_SEARCH_USER_PATHS = NO;
				CLANG_ANALYZER_NONNULL = YES;
				CLANG_CXX_LANGUAGE_STANDARD = "gnu++0x";
				CLANG_CXX_LIBRARY = "libc++";
				CLANG_ENABLE_MODULES = YES;
				CLANG_ENABLE_OBJC_ARC = YES;
				CLANG_WARN_BOOL_CONVERSION = YES;
				CLANG_WARN_CONSTANT_CONVERSION = YES;
				CLANG_WARN_DIRECT_OBJC_ISA_USAGE = YES_ERROR;
				CLANG_WARN_EMPTY_BODY = YES;
				CLANG_WARN_ENUM_CONVERSION = YES;
				CLANG_WARN_INT_CONVERSION = YES;
				CLANG_WARN_OBJC_ROOT_CLASS = YES_ERROR;
				CLANG_WARN_UNREACHABLE_CODE = YES;
				CLANG_WARN__DUPLICATE_METHOD_MATCH = YES;
				"CODE_SIGN_IDENTITY[sdk=iphoneos*]" = "iPhone Developer";
				COPY_PHASE_STRIP = NO;
				DEBUG_INFORMATION_FORMAT = dwarf;
				ENABLE_STRICT_OBJC_MSGSEND = YES;
				ENABLE_TESTABILITY = YES;
				GCC_C_LANGUAGE_STANDARD = gnu99;
				GCC_DYNAMIC_NO_PIC = NO;
				GCC_NO_COMMON_BLOCKS = YES;
				GCC_OPTIMIZATION_LEVEL = 0;
				GCC_PREPROCESSOR_DEFINITIONS = (
					"DEBUG=1",
					"$(inherited)",
				);
				GCC_WARN_64_TO_32_BIT_CONVERSION = YES;
				GCC_WARN_ABOUT_RETURN_TYPE = YES_ERROR;
				GCC_WARN_UNDECLARED_SELECTOR = YES;
				GCC_WARN_UNINITIALIZED_AUTOS = YES_AGGRESSIVE;
				GCC_WARN_UNUSED_FUNCTION = YES;
				GCC_WARN_UNUSED_VARIABLE = YES;
				IPHONEOS_DEPLOYMENT_TARGET = 9.3;
				MTL_ENABLE_DEBUG_INFO = YES;
				ONLY_ACTIVE_ARCH = YES;
				OTHER_SWIFT_FLAGS = "\"-D\" \"DEBUG\"";
				SDKROOT = iphoneos;
				SWIFT_OPTIMIZATION_LEVEL = "-Onone";
			};
			name = Debug;
		};
		3A53ECCD1CCCD6EA00BB274E /* Release */ = {
			isa = XCBuildConfiguration;
			buildSettings = {
				ALWAYS_SEARCH_USER_PATHS = NO;
				CLANG_ANALYZER_NONNULL = YES;
				CLANG_CXX_LANGUAGE_STANDARD = "gnu++0x";
				CLANG_CXX_LIBRARY = "libc++";
				CLANG_ENABLE_MODULES = YES;
				CLANG_ENABLE_OBJC_ARC = YES;
				CLANG_WARN_BOOL_CONVERSION = YES;
				CLANG_WARN_CONSTANT_CONVERSION = YES;
				CLANG_WARN_DIRECT_OBJC_ISA_USAGE = YES_ERROR;
				CLANG_WARN_EMPTY_BODY = YES;
				CLANG_WARN_ENUM_CONVERSION = YES;
				CLANG_WARN_INT_CONVERSION = YES;
				CLANG_WARN_OBJC_ROOT_CLASS = YES_ERROR;
				CLANG_WARN_UNREACHABLE_CODE = YES;
				CLANG_WARN__DUPLICATE_METHOD_MATCH = YES;
				"CODE_SIGN_IDENTITY[sdk=iphoneos*]" = "iPhone Developer";
				COPY_PHASE_STRIP = NO;
				DEBUG_INFORMATION_FORMAT = "dwarf-with-dsym";
				ENABLE_NS_ASSERTIONS = NO;
				ENABLE_STRICT_OBJC_MSGSEND = YES;
				GCC_C_LANGUAGE_STANDARD = gnu99;
				GCC_NO_COMMON_BLOCKS = YES;
				GCC_WARN_64_TO_32_BIT_CONVERSION = YES;
				GCC_WARN_ABOUT_RETURN_TYPE = YES_ERROR;
				GCC_WARN_UNDECLARED_SELECTOR = YES;
				GCC_WARN_UNINITIALIZED_AUTOS = YES_AGGRESSIVE;
				GCC_WARN_UNUSED_FUNCTION = YES;
				GCC_WARN_UNUSED_VARIABLE = YES;
				IPHONEOS_DEPLOYMENT_TARGET = 9.3;
				MTL_ENABLE_DEBUG_INFO = NO;
				OTHER_SWIFT_FLAGS = "\"-D\" \"RELEASE\"";
				SDKROOT = iphoneos;
				VALIDATE_PRODUCT = YES;
			};
			name = Release;
		};
		3A53ECCF1CCCD6EA00BB274E /* Debug */ = {
			isa = XCBuildConfiguration;
			baseConfigurationReference = 86DB1FEFBD95EB604DBC3803 /* Pods-Dictamed.debug.xcconfig */;
			buildSettings = {
				ASSETCATALOG_COMPILER_APPICON_NAME = AppIcon;
				CODE_SIGN_ENTITLEMENTS = Dictamed/Dictamed.entitlements;
				CODE_SIGN_IDENTITY = "iPhone Developer";
				"CODE_SIGN_IDENTITY[sdk=iphoneos*]" = "iPhone Developer";
				INFOPLIST_FILE = Dictamed/Info.plist;
				LD_RUNPATH_SEARCH_PATHS = "$(inherited) @executable_path/Frameworks";
				PRODUCT_BUNDLE_IDENTIFIER = com.dictamed.Dictamed;
				PRODUCT_NAME = "$(TARGET_NAME)";
				PROVISIONING_PROFILE = "2c2e8220-500e-41cc-81be-20233d646d90";
			};
			name = Debug;
		};
		3A53ECD01CCCD6EA00BB274E /* Release */ = {
			isa = XCBuildConfiguration;
			baseConfigurationReference = EC40C04C394227EAE25C7A4D /* Pods-Dictamed.release.xcconfig */;
			buildSettings = {
				ASSETCATALOG_COMPILER_APPICON_NAME = AppIcon;
				CODE_SIGN_ENTITLEMENTS = Dictamed/Dictamed.entitlements;
				CODE_SIGN_IDENTITY = "iPhone Developer";
				"CODE_SIGN_IDENTITY[sdk=iphoneos*]" = "iPhone Developer";
				INFOPLIST_FILE = Dictamed/Info.plist;
				LD_RUNPATH_SEARCH_PATHS = "$(inherited) @executable_path/Frameworks";
				PRODUCT_BUNDLE_IDENTIFIER = com.dictamed.Dictamed;
				PRODUCT_NAME = "$(TARGET_NAME)";
				PROVISIONING_PROFILE = "1101b2e1-d440-418f-ac0a-a8f9bd8bb44f";
			};
			name = Release;
		};
		3A77BE101CCCE52A002C9291 /* Debug */ = {
			isa = XCBuildConfiguration;
			buildSettings = {
				ASSETCATALOG_COMPILER_APPICON_NAME = AppIcon;
				CODE_SIGN_ENTITLEMENTS = Watch/Watch.entitlements;
				CODE_SIGN_IDENTITY = "iPhone Developer";
				EMBEDDED_CONTENT_CONTAINS_SWIFT = NO;
				IBSC_MODULE = Watch_Extension;
				INFOPLIST_FILE = Watch/Info.plist;
				PRODUCT_BUNDLE_IDENTIFIER = com.dictamed.Dictamed.watchkitapp;
				PRODUCT_NAME = "$(TARGET_NAME)";
				PROVISIONING_PROFILE = "193ea27c-2360-46ad-a1a5-b1bf7aa44efe";
				SDKROOT = watchos;
				SKIP_INSTALL = YES;
				TARGETED_DEVICE_FAMILY = 4;
				WATCHOS_DEPLOYMENT_TARGET = 2.2;
			};
			name = Debug;
		};
		3A77BE111CCCE52A002C9291 /* Release */ = {
			isa = XCBuildConfiguration;
			buildSettings = {
				ASSETCATALOG_COMPILER_APPICON_NAME = AppIcon;
				CODE_SIGN_ENTITLEMENTS = Watch/Watch.entitlements;
				CODE_SIGN_IDENTITY = "iPhone Developer";
				EMBEDDED_CONTENT_CONTAINS_SWIFT = NO;
				IBSC_MODULE = Watch_Extension;
				INFOPLIST_FILE = Watch/Info.plist;
				PRODUCT_BUNDLE_IDENTIFIER = com.dictamed.Dictamed.watchkitapp;
				PRODUCT_NAME = "$(TARGET_NAME)";
				PROVISIONING_PROFILE = "fae3dbb6-0d5f-48ee-8a08-fdc7ce0feba4";
				SDKROOT = watchos;
				SKIP_INSTALL = YES;
				TARGETED_DEVICE_FAMILY = 4;
				WATCHOS_DEPLOYMENT_TARGET = 2.2;
			};
			name = Release;
		};
		3A77BE121CCCE52A002C9291 /* Debug */ = {
			isa = XCBuildConfiguration;
			baseConfigurationReference = 26F4D6D0939D18485CF42C2E /* Pods-Watch Extension.debug.xcconfig */;
			buildSettings = {
				ASSETCATALOG_COMPILER_COMPLICATION_NAME = Complication;
				CODE_SIGN_ENTITLEMENTS = "Watch Extension/Watch Extension.entitlements";
				CODE_SIGN_IDENTITY = "iPhone Developer";
				INFOPLIST_FILE = "Watch Extension/Info.plist";
				LD_RUNPATH_SEARCH_PATHS = "$(inherited) @executable_path/Frameworks @executable_path/../../Frameworks";
				PRODUCT_BUNDLE_IDENTIFIER = com.dictamed.Dictamed.watchkitapp.watchkitextension;
				PRODUCT_NAME = "${TARGET_NAME}";
				PROVISIONING_PROFILE = "75ec320a-9cf8-4590-afb9-bc3e610c3542";
				SDKROOT = watchos;
				SKIP_INSTALL = YES;
				TARGETED_DEVICE_FAMILY = 4;
				WATCHOS_DEPLOYMENT_TARGET = 2.2;
			};
			name = Debug;
		};
		3A77BE131CCCE52A002C9291 /* Release */ = {
			isa = XCBuildConfiguration;
			baseConfigurationReference = 6854B26AB10DC842EA5807AF /* Pods-Watch Extension.release.xcconfig */;
			buildSettings = {
				ASSETCATALOG_COMPILER_COMPLICATION_NAME = Complication;
				CODE_SIGN_ENTITLEMENTS = "Watch Extension/Watch Extension.entitlements";
				CODE_SIGN_IDENTITY = "iPhone Developer";
				INFOPLIST_FILE = "Watch Extension/Info.plist";
				LD_RUNPATH_SEARCH_PATHS = "$(inherited) @executable_path/Frameworks @executable_path/../../Frameworks";
				PRODUCT_BUNDLE_IDENTIFIER = com.dictamed.Dictamed.watchkitapp.watchkitextension;
				PRODUCT_NAME = "${TARGET_NAME}";
				PROVISIONING_PROFILE = "5dea454b-a7ad-4ead-a526-a561b19549b8";
				SDKROOT = watchos;
				SKIP_INSTALL = YES;
				TARGETED_DEVICE_FAMILY = 4;
				WATCHOS_DEPLOYMENT_TARGET = 2.2;
			};
			name = Release;
		};
/* End XCBuildConfiguration section */

/* Begin XCConfigurationList section */
		3A53ECB71CCCD6EA00BB274E /* Build configuration list for PBXProject "Dictamed" */ = {
			isa = XCConfigurationList;
			buildConfigurations = (
				3A53ECCC1CCCD6EA00BB274E /* Debug */,
				3A53ECCD1CCCD6EA00BB274E /* Release */,
			);
			defaultConfigurationIsVisible = 0;
			defaultConfigurationName = Release;
		};
		3A53ECCE1CCCD6EA00BB274E /* Build configuration list for PBXNativeTarget "Dictamed" */ = {
			isa = XCConfigurationList;
			buildConfigurations = (
				3A53ECCF1CCCD6EA00BB274E /* Debug */,
				3A53ECD01CCCD6EA00BB274E /* Release */,
			);
			defaultConfigurationIsVisible = 0;
			defaultConfigurationName = Release;
		};
		3A77BE141CCCE52A002C9291 /* Build configuration list for PBXNativeTarget "Watch Extension" */ = {
			isa = XCConfigurationList;
			buildConfigurations = (
				3A77BE121CCCE52A002C9291 /* Debug */,
				3A77BE131CCCE52A002C9291 /* Release */,
			);
			defaultConfigurationIsVisible = 0;
			defaultConfigurationName = Release;
		};
		3A77BE161CCCE52A002C9291 /* Build configuration list for PBXNativeTarget "Watch" */ = {
			isa = XCConfigurationList;
			buildConfigurations = (
				3A77BE101CCCE52A002C9291 /* Debug */,
				3A77BE111CCCE52A002C9291 /* Release */,
			);
			defaultConfigurationIsVisible = 0;
			defaultConfigurationName = Release;
		};
/* End XCConfigurationList section */
	};
	rootObject = 3A53ECB41CCCD6EA00BB274E /* Project object */;
}
