PODS:
  - Alamofire (3.4.0)
  - AlamofireImage (2.4.0):
    - Alamofire (~> 3.3)
  - DGElasticPullToRefresh (1.0.3)
  - EMTLoadingIndicator (1.0.5)
  - IBAnimatable (2.2)
  - MCSwipeTableViewCell (2.1.4)
  - SVProgressHUD (2.0.3)
  - SwiftyJSON (2.3.2)

DEPENDENCIES:
  - Alamofire
  - AlamofireImage
  - DGElasticPullToRefresh
  - EMTLoadingIndicator
  - IBAnimatable
  - MCSwipeTableViewCell
  - SVProgressHUD
  - SwiftyJSON

SPEC CHECKSUMS:
  Alamofire: c19a627cefd6a95f840401c49ab1f124e07f54ee
  AlamofireImage: 87408b652e0f5ae5fe364035f15aea8b9b24c77e
  DGElasticPullToRefresh: 040f39ae69840b3261d163fe6735c5901bf851e9
  EMTLoadingIndicator: e971bb7d7fa60505c398b8f2f778905c2261bbf6
  IBAnimatable: 41ddf0b307ebec241d5dd510f472c51fb7fe519b
  MCSwipeTableViewCell: 1b303e16c3a26b1982f3a68386e9b8c5fc8344c3
  SVProgressHUD: b0830714205bea1317ea1a2ebc71e5633af334d4
  SwiftyJSON: 04ccea08915aa0109039157c7974cf0298da292a

COCOAPODS: 0.39.0
