PODS:
  - Alamofire (3.3.1)
  - DGElasticPullToRefresh (1.0.3)
  - EMTLoadingIndicator (1.0.5)
  - MCSwipeTableViewCell (2.1.4)
  - SVProgressHUD (2.0.3)
  - SwiftyJSON (2.3.2)

DEPENDENCIES:
  - Alamofire
  - DGElasticPullToRefresh
  - EMTLoadingIndicator
  - MCSwipeTableViewCell
  - SVProgressHUD
  - SwiftyJSON

SPEC CHECKSUMS:
  Alamofire: 369bc67b6f5ac33ded3648d7bd21c5bfb91c2ecc
  DGElasticPullToRefresh: 040f39ae69840b3261d163fe6735c5901bf851e9
  EMTLoadingIndicator: e971bb7d7fa60505c398b8f2f778905c2261bbf6
  MCSwipeTableViewCell: 1b303e16c3a26b1982f3a68386e9b8c5fc8344c3
  SVProgressHUD: b0830714205bea1317ea1a2ebc71e5633af334d4
  SwiftyJSON: 04ccea08915aa0109039157c7974cf0298da292a

COCOAPODS: 0.39.0
